Microsoft Visual Studio Solution File, Format Version 12.00
# Visual Studio Version 17
VisualStudioVersion = 17.5.2.0
MinimumVisualStudioVersion = 10.0.40219.1
Project("{FAE04EC0-301F-11D3-BF4B-00C04F79EFBC}") = "ProductItemMicroservice_Service", "ProductItemMicroservice_Service\ProductItemMicroservice_Service.csproj", "{7F547C10-BB8F-96BF-750F-C3CE4A6E64C8}"
EndProject
Project("{FAE04EC0-301F-11D3-BF4B-00C04F79EFBC}") = "ProductItemMicroservice_Data", "ProductItemMicroservice_Data\ProductItemMicroservice_Data.csproj", "{ED7E7401-24DD-F71B-C3CE-DCF044517840}"
EndProject
Project("{FAE04EC0-301F-11D3-BF4B-00C04F79EFBC}") = "ProductItemMicroservice_Api", "ProductItemMicroservice_Api\ProductItemMicroservice_Api.csproj", "{0AC22F07-19D2-FB92-7DF0-5287FC9A765F}"
EndProject
Global
	GlobalSection(SolutionConfigurationPlatforms) = preSolution
		Debug|Any CPU = Debug|Any CPU
		Release|Any CPU = Release|Any CPU
	EndGlobalSection
	GlobalSection(ProjectConfigurationPlatforms) = postSolution
		{7F547C10-BB8F-96BF-750F-C3CE4A6E64C8}.Debug|Any CPU.ActiveCfg = Debug|Any CPU
		{7F547C10-BB8F-96BF-750F-C3CE4A6E64C8}.Debug|Any CPU.Build.0 = Debug|Any CPU
		{7F547C10-BB8F-96BF-750F-C3CE4A6E64C8}.Release|Any CPU.ActiveCfg = Release|Any CPU
		{7F547C10-BB8F-96BF-750F-C3CE4A6E64C8}.Release|Any CPU.Build.0 = Release|Any CPU
		{ED7E7401-24DD-F71B-C3CE-DCF044517840}.Debug|Any CPU.ActiveCfg = Debug|Any CPU
		{ED7E7401-24DD-F71B-C3CE-DCF044517840}.Debug|Any CPU.Build.0 = Debug|Any CPU
		{ED7E7401-24DD-F71B-C3CE-DCF044517840}.Release|Any CPU.ActiveCfg = Release|Any CPU
		{ED7E7401-24DD-F71B-C3CE-DCF044517840}.Release|Any CPU.Build.0 = Release|Any CPU
		{0AC22F07-19D2-FB92-7DF0-5287FC9A765F}.Debug|Any CPU.ActiveCfg = Debug|Any CPU
		{0AC22F07-19D2-FB92-7DF0-5287FC9A765F}.Debug|Any CPU.Build.0 = Debug|Any CPU
		{0AC22F07-19D2-FB92-7DF0-5287FC9A765F}.Release|Any CPU.ActiveCfg = Release|Any CPU
		{0AC22F07-19D2-FB92-7DF0-5287FC9A765F}.Release|Any CPU.Build.0 = Release|Any CPU
	EndGlobalSection
	GlobalSection(SolutionProperties) = preSolution
		HideSolutionNode = FALSE
	EndGlobalSection
	GlobalSection(ExtensibilityGlobals) = postSolution
		SolutionGuid = {9F5F1533-530A-4B26-B51D-CE9C4EF5C91F}
	EndGlobalSection
EndGlobal
